# This file is generated by running "yarn install" inside your project.
# Manual changes might be lost - proceed with caution!

__metadata:
  version: 8
  cacheKey: 10c0

"@fastify/ajv-compiler@npm:^3.5.0":
  version: 3.6.0
  resolution: "@fastify/ajv-compiler@npm:3.6.0"
  dependencies:
    ajv: "npm:^8.11.0"
    ajv-formats: "npm:^2.1.1"
    fast-uri: "npm:^2.0.0"
  checksum: f0be2ca1f75833492829c52c5f5ef0ec118bdd010614e002a6366952c27297c0f6a7dafb5917a0f9c4aaa84aa32a39e520c6d837fa251748717d58590cfc8177
  languageName: node
  linkType: hard

"@fastify/error@npm:^3.3.0, @fastify/error@npm:^3.4.0":
  version: 3.4.1
  resolution: "@fastify/error@npm:3.4.1"
  checksum: 1f1a0faa8c86639afb6f4bd47a9cdc1f0f20ce0d6944340fbdec8218aaba91dc9cae9ed78e24e61bceb782a867efda2b9a6320091f00dcbb896d9c8a9bdf5f96
  languageName: node
  linkType: hard

"@fastify/fast-json-stringify-compiler@npm:^4.3.0":
  version: 4.3.0
  resolution: "@fastify/fast-json-stringify-compiler@npm:4.3.0"
  dependencies:
    fast-json-stringify: "npm:^5.7.0"
  checksum: 513ef296f5ed682f7a460cfa6c5fb917a32fc540111b873c9937f944558e021492b18f30f9fd8dd20db252381a4428adbcc9f03a077f16c86d02f081eb490c7b
  languageName: node
  linkType: hard

"@fastify/merge-json-schemas@npm:^0.1.0":
  version: 0.1.1
  resolution: "@fastify/merge-json-schemas@npm:0.1.1"
  dependencies:
    fast-deep-equal: "npm:^3.1.3"
  checksum: 7979ce12724f7b98aea06f0bb9afb20dd869f0ff6fc697517135cbb54e0a36b062cbb38ec176fe43d1fc455576839240df8f33533939ace2d64a6218a6e6b9c1
  languageName: node
  linkType: hard

"@firebase/analytics-types@npm:0.6.0":
  version: 0.6.0
  resolution: "@firebase/analytics-types@npm:0.6.0"
  checksum: 77bb0a1fd0f7335284997a650128d398b3cb81ae903b2086b6ff1cd54e66c8b8ae5dbced88df3f85a6f5d533ec08c30a2c59d865ea74eebeecc00db0d7fb5d06
  languageName: node
  linkType: hard

"@firebase/analytics@npm:0.6.18":
  version: 0.6.18
  resolution: "@firebase/analytics@npm:0.6.18"
  dependencies:
    "@firebase/analytics-types": "npm:0.6.0"
    "@firebase/component": "npm:0.5.6"
    "@firebase/installations": "npm:0.4.32"
    "@firebase/logger": "npm:0.2.6"
    "@firebase/util": "npm:1.3.0"
    tslib: "npm:^2.1.0"
  peerDependencies:
    "@firebase/app": 0.x
    "@firebase/app-types": 0.x
  checksum: 4eb137c6072340502b325e1c91b71fc5931e490dd06f8bb53b41b4d408b7643065e6aa71e0e521901d10aadee5f2bdcb986edfaee573fa134f808d78c9099b3c
  languageName: node
  linkType: hard

"@firebase/app-check-interop-types@npm:0.1.0":
  version: 0.1.0
  resolution: "@firebase/app-check-interop-types@npm:0.1.0"
  checksum: 6905a8bfe4715bfbe3a90b1482d18ddf6650b9be56f09a2bff543e5e486751ca7dc7679a7788094b4cdb0a75cf55a908ee148948e63768fa25fa727ef20860e3
  languageName: node
  linkType: hard

"@firebase/app-check-types@npm:0.3.1":
  version: 0.3.1
  resolution: "@firebase/app-check-types@npm:0.3.1"
  checksum: d597be30fe7a729cf239aadee4d23fd4d75df5c74d0033363d9158217c40dbf37bd764975760fcb36e1da1326016b5ee104868de224a0681d19e181d124d9172
  languageName: node
  linkType: hard

"@firebase/app-check@npm:0.3.2":
  version: 0.3.2
  resolution: "@firebase/app-check@npm:0.3.2"
  dependencies:
    "@firebase/app-check-interop-types": "npm:0.1.0"
    "@firebase/app-check-types": "npm:0.3.1"
    "@firebase/component": "npm:0.5.6"
    "@firebase/logger": "npm:0.2.6"
    "@firebase/util": "npm:1.3.0"
    tslib: "npm:^2.1.0"
  peerDependencies:
    "@firebase/app": 0.x
    "@firebase/app-types": 0.x
  checksum: eefc2407debcbb4e6dcf52c6b09c814fe52621b40e9c181d8c4f886b1c0a278f721ab64262a6ffe2d4166d3392c887b7c57bad1db514901200a2d1f48b0d1808
  languageName: node
  linkType: hard

"@firebase/app-types@npm:0.6.3":
  version: 0.6.3
  resolution: "@firebase/app-types@npm:0.6.3"
  checksum: ab92292cec9dab0f45ae27f522be968713fa0ef76e77afa39182c53f90dd9c43727d40725f0a6c8bc33ea32bf9ee7d13b55c5faa11fcbe3afc069b372755679c
  languageName: node
  linkType: hard

"@firebase/app@npm:0.6.30":
  version: 0.6.30
  resolution: "@firebase/app@npm:0.6.30"
  dependencies:
    "@firebase/app-types": "npm:0.6.3"
    "@firebase/component": "npm:0.5.6"
    "@firebase/logger": "npm:0.2.6"
    "@firebase/util": "npm:1.3.0"
    dom-storage: "npm:2.1.0"
    tslib: "npm:^2.1.0"
    xmlhttprequest: "npm:1.8.0"
  checksum: 889c8359a55bb25884a1f58193bbfbb509c3144c25c213bd2bc965599d36105fea7414410a3916510a7a21d8cd19a16bf7953705da1ee66d701e4bb46c27c616
  languageName: node
  linkType: hard

"@firebase/auth-interop-types@npm:0.1.6":
  version: 0.1.6
  resolution: "@firebase/auth-interop-types@npm:0.1.6"
  peerDependencies:
    "@firebase/app-types": 0.x
    "@firebase/util": 1.x
  checksum: 5e17f2c15eadaba37013f8e37806fba4e8e1861e787ef6bb34e772783fd2399ef3465df16e654a65c2aacce970a0ad2ab2c8b72791414ba30edf549ebb66217f
  languageName: node
  linkType: hard

"@firebase/auth-types@npm:0.10.3":
  version: 0.10.3
  resolution: "@firebase/auth-types@npm:0.10.3"
  peerDependencies:
    "@firebase/app-types": 0.x
    "@firebase/util": 1.x
  checksum: d4e7942ce3fb90009f6509ded12eacaf96bc4251103077849ea3718ce0fb3a72933f21566e3ceb0a90b7bdd5cbd10c9eab639fb0dca8df4e70f543755cb18771
  languageName: node
  linkType: hard

"@firebase/auth@npm:0.16.8":
  version: 0.16.8
  resolution: "@firebase/auth@npm:0.16.8"
  dependencies:
    "@firebase/auth-types": "npm:0.10.3"
  peerDependencies:
    "@firebase/app": 0.x
  checksum: 20b205d7f8d6965529d4503b9a12f625ed2ce63e0caa02fee4330cf08f7cf0e2a4f81f1f9cd9c41a762bea906298523d5945ed4ba17c178704dc5709404c32d6
  languageName: node
  linkType: hard

"@firebase/component@npm:0.5.6":
  version: 0.5.6
  resolution: "@firebase/component@npm:0.5.6"
  dependencies:
    "@firebase/util": "npm:1.3.0"
    tslib: "npm:^2.1.0"
  checksum: 02f8f561ceb62e79e6f8d79fce3689702682bd9f9debbecc74fdea6ad9bce627d1a9895d552566ec954b51cd660d9666b3680e7c3ec16fa9c1d4b7a123e220aa
  languageName: node
  linkType: hard

"@firebase/database-types@npm:0.8.0":
  version: 0.8.0
  resolution: "@firebase/database-types@npm:0.8.0"
  dependencies:
    "@firebase/app-types": "npm:0.6.3"
    "@firebase/util": "npm:1.3.0"
  checksum: 31d8fd488f6a0f8991d660298be220d71d5b0eb1e1ccc36d63c3db89c784bd3b99f9753be4a2b2f6179462ec1293bb02b9e6071ae6c38f1a9c392f67927ea9b5
  languageName: node
  linkType: hard

"@firebase/database@npm:0.11.0":
  version: 0.11.0
  resolution: "@firebase/database@npm:0.11.0"
  dependencies:
    "@firebase/auth-interop-types": "npm:0.1.6"
    "@firebase/component": "npm:0.5.6"
    "@firebase/database-types": "npm:0.8.0"
    "@firebase/logger": "npm:0.2.6"
    "@firebase/util": "npm:1.3.0"
    faye-websocket: "npm:0.11.3"
    tslib: "npm:^2.1.0"
  checksum: 83cbc9aac1f6a8357c6f5300c314bcbe7c82602af8a154e1b57290669b70afe65afd83b1f7837c8aa1080c2fc0721e08280b234e58c055cb2251bed377e0879a
  languageName: node
  linkType: hard

"@firebase/firestore-types@npm:2.4.0":
  version: 2.4.0
  resolution: "@firebase/firestore-types@npm:2.4.0"
  peerDependencies:
    "@firebase/app-types": 0.x
    "@firebase/util": 1.x
  checksum: 290184f512001441f733c976c88cd525df699ef25af51491b2cfd1428c4c4838a4dbb13346b9d15039d30256bb0cc191cb3bd095645e10f84a31ae1e734800a8
  languageName: node
  linkType: hard

"@firebase/firestore@npm:2.4.1":
  version: 2.4.1
  resolution: "@firebase/firestore@npm:2.4.1"
  dependencies:
    "@firebase/component": "npm:0.5.6"
    "@firebase/firestore-types": "npm:2.4.0"
    "@firebase/logger": "npm:0.2.6"
    "@firebase/util": "npm:1.3.0"
    "@firebase/webchannel-wrapper": "npm:0.5.1"
    "@grpc/grpc-js": "npm:^1.3.2"
    "@grpc/proto-loader": "npm:^0.6.0"
    node-fetch: "npm:2.6.7"
    tslib: "npm:^2.1.0"
  peerDependencies:
    "@firebase/app": 0.x
    "@firebase/app-types": 0.x
  checksum: 65bc8e8a87a374e80f7a560af7de2b51f306df7c32bb6b7ec84ca9a29503e09569c6f2ff608a787553f52d0be3723bbadb0ebba88d6203c80b37acf7a30299e6
  languageName: node
  linkType: hard

"@firebase/functions-types@npm:0.4.0":
  version: 0.4.0
  resolution: "@firebase/functions-types@npm:0.4.0"
  checksum: 23bd6a82073b05c34da61100792949485206756997b62be280dd4c23e1d6be9535b8f1816e8727dc2084a2ec7e478054e6f06dca8745ef5e3d5559299fd94161
  languageName: node
  linkType: hard

"@firebase/functions@npm:0.6.16":
  version: 0.6.16
  resolution: "@firebase/functions@npm:0.6.16"
  dependencies:
    "@firebase/component": "npm:0.5.6"
    "@firebase/functions-types": "npm:0.4.0"
    "@firebase/messaging-types": "npm:0.5.0"
    node-fetch: "npm:2.6.7"
    tslib: "npm:^2.1.0"
  peerDependencies:
    "@firebase/app": 0.x
    "@firebase/app-types": 0.x
  checksum: 00cfb28cde44c984a3d5c1ed9e1633f7b0699667ecde8f1f5b074da217c61b5b7432819cecf4c842243cf2a249357a0f75940f0e1a0ba87396cdab67f4315545
  languageName: node
  linkType: hard

"@firebase/installations-types@npm:0.3.4":
  version: 0.3.4
  resolution: "@firebase/installations-types@npm:0.3.4"
  peerDependencies:
    "@firebase/app-types": 0.x
  checksum: f6427332b6aee606317160c21fef322082db113423e032162d3c5532f1fe3f1433a1bcb748352ad70c1fc29bfaa5408c23d369c4b5cdc235282a93a57284239e
  languageName: node
  linkType: hard

"@firebase/installations@npm:0.4.32":
  version: 0.4.32
  resolution: "@firebase/installations@npm:0.4.32"
  dependencies:
    "@firebase/component": "npm:0.5.6"
    "@firebase/installations-types": "npm:0.3.4"
    "@firebase/util": "npm:1.3.0"
    idb: "npm:3.0.2"
    tslib: "npm:^2.1.0"
  peerDependencies:
    "@firebase/app": 0.x
    "@firebase/app-types": 0.x
  checksum: ce0a94582fb3432ddd2338c9b47c34b750a6e14a09395029a45945205939ec60b76d8510642159476a14ea5c7ca31bde88a33d98f5bd2ee33c62cb9f6056d1a0
  languageName: node
  linkType: hard

"@firebase/logger@npm:0.2.6":
  version: 0.2.6
  resolution: "@firebase/logger@npm:0.2.6"
  checksum: 4c2ce00b5442056cc3ddc70d0e18252916d72cd8c53ef80eab899bb50602453ed7433a4bba4d0a59320d104ef10ea9d319f8863b86e30433eb40f87c97b40d10
  languageName: node
  linkType: hard

"@firebase/messaging-types@npm:0.5.0":
  version: 0.5.0
  resolution: "@firebase/messaging-types@npm:0.5.0"
  peerDependencies:
    "@firebase/app-types": 0.x
  checksum: 31ecbbb8ee3d9e411b575f3d20ebd50d4891c6f96c1d3850c53f9fb91f08893dd7bc7dde4415a5c5c691caf6cb4d310ebf287e02df63d9547cd966d22d01f503
  languageName: node
  linkType: hard

"@firebase/messaging@npm:0.8.0":
  version: 0.8.0
  resolution: "@firebase/messaging@npm:0.8.0"
  dependencies:
    "@firebase/component": "npm:0.5.6"
    "@firebase/installations": "npm:0.4.32"
    "@firebase/messaging-types": "npm:0.5.0"
    "@firebase/util": "npm:1.3.0"
    idb: "npm:3.0.2"
    tslib: "npm:^2.1.0"
  peerDependencies:
    "@firebase/app": 0.x
    "@firebase/app-types": 0.x
  checksum: a04467a759bb77afce7b76cce505cfa0634d609cf63dbf69404117e33925699a569ce7b8116e88e7246d3e53f2ca181b17b2cb56821b75293e48026ed28f24ed
  languageName: node
  linkType: hard

"@firebase/performance-types@npm:0.0.13":
  version: 0.0.13
  resolution: "@firebase/performance-types@npm:0.0.13"
  checksum: 0b691e630ae889bdc7fafcfc2f1e45ed534edb54e36d6cc1bc70535c4fc7909301bcc7b9bfed545ef170b0ec5e979a38504a572c1d09f6bb29f99b55f982a433
  languageName: node
  linkType: hard

"@firebase/performance@npm:0.4.18":
  version: 0.4.18
  resolution: "@firebase/performance@npm:0.4.18"
  dependencies:
    "@firebase/component": "npm:0.5.6"
    "@firebase/installations": "npm:0.4.32"
    "@firebase/logger": "npm:0.2.6"
    "@firebase/performance-types": "npm:0.0.13"
    "@firebase/util": "npm:1.3.0"
    tslib: "npm:^2.1.0"
  peerDependencies:
    "@firebase/app": 0.x
    "@firebase/app-types": 0.x
  checksum: 90c3600d83a7563e2f1c10ccc603471ec146731253c1176aade8ac02a330776f8578316c69b3d57535360bf98581d36e9139e2bf075aa6773822eebdeb2aa843
  languageName: node
  linkType: hard

"@firebase/polyfill@npm:0.3.36":
  version: 0.3.36
  resolution: "@firebase/polyfill@npm:0.3.36"
  dependencies:
    core-js: "npm:3.6.5"
    promise-polyfill: "npm:8.1.3"
    whatwg-fetch: "npm:2.0.4"
  checksum: 95a1be4ba0a8d4738e57435dbc0d4a89c6dd3802dcdc7eb8f5d88941bba20d7b7b1449acfa4d9110a058963ca595a1086190ca45a99448f447d0a0524fb6d846
  languageName: node
  linkType: hard

"@firebase/remote-config-types@npm:0.1.9":
  version: 0.1.9
  resolution: "@firebase/remote-config-types@npm:0.1.9"
  checksum: 3ee0e6165c0ebb12d72e4ee5bfb60ba6fec7c22f2997ef0dc0dfd111050cba497112a2a05431623b5e9d55b429641495ddfa163e9bfd811a83a9063da3d56589
  languageName: node
  linkType: hard

"@firebase/remote-config@npm:0.1.43":
  version: 0.1.43
  resolution: "@firebase/remote-config@npm:0.1.43"
  dependencies:
    "@firebase/component": "npm:0.5.6"
    "@firebase/installations": "npm:0.4.32"
    "@firebase/logger": "npm:0.2.6"
    "@firebase/remote-config-types": "npm:0.1.9"
    "@firebase/util": "npm:1.3.0"
    tslib: "npm:^2.1.0"
  peerDependencies:
    "@firebase/app": 0.x
    "@firebase/app-types": 0.x
  checksum: 580517572f1559f28d6bbe8632e666cfd71b549b8af90bb9f79b6560992a57012bdee7b9e3b4eb049f94743da0a91704494436d915fd78e8c3db707c44d80e7a
  languageName: node
  linkType: hard

"@firebase/storage-types@npm:0.5.0":
  version: 0.5.0
  resolution: "@firebase/storage-types@npm:0.5.0"
  peerDependencies:
    "@firebase/app-types": 0.x
    "@firebase/util": 1.x
  checksum: 1ff028fadf1268aaeedbc5044db1bed40ecc109d560903da038a43eb12e26b5dd01a3769d50616771047f017c9d0cf7c28b12b2e81e458501dd12fa17a58dda8
  languageName: node
  linkType: hard

"@firebase/storage@npm:0.7.1":
  version: 0.7.1
  resolution: "@firebase/storage@npm:0.7.1"
  dependencies:
    "@firebase/component": "npm:0.5.6"
    "@firebase/storage-types": "npm:0.5.0"
    "@firebase/util": "npm:1.3.0"
    node-fetch: "npm:2.6.7"
    tslib: "npm:^2.1.0"
  peerDependencies:
    "@firebase/app": 0.x
    "@firebase/app-types": 0.x
  checksum: 4397163ff110e4aa27e9cfd051d6e0aa26c2fc457f8be8c954d9827a7a0787c7a9678c5cb6416112bfb34732cab4da40b5c376ff333a177cda61561913a9307e
  languageName: node
  linkType: hard

"@firebase/util@npm:1.3.0":
  version: 1.3.0
  resolution: "@firebase/util@npm:1.3.0"
  dependencies:
    tslib: "npm:^2.1.0"
  checksum: cf5c02698d27f9087d113c176c0f47cbeab591b2e71fa2c3f7a2ed7a72c073b24f3f6c4f6d6f357ff48d019c3628bb21c25aa7a5375d57334d6d4c644476a748
  languageName: node
  linkType: hard

"@firebase/webchannel-wrapper@npm:0.5.1":
  version: 0.5.1
  resolution: "@firebase/webchannel-wrapper@npm:0.5.1"
  checksum: 719d1f403ef94dacc42e4fd445472cba79448769a51c964f7b733d11e5a36decaa45e386a94459d3271e3d667ca523d8eeaa6a594e71dc10bf1d1873ac3b528e
  languageName: node
  linkType: hard

"@grpc/grpc-js@npm:^1.3.2":
  version: 1.14.3
  resolution: "@grpc/grpc-js@npm:1.14.3"
  dependencies:
    "@grpc/proto-loader": "npm:^0.8.0"
    "@js-sdsl/ordered-map": "npm:^4.4.2"
  checksum: f41f06a311b93cca8c472d56e21387e0f7b57bb2337a91d15ea4279bac8ec4fa0de6bd0d881201229ab800c0f0c55277911ecb850e057f20a828d0ddd623551d
  languageName: node
  linkType: hard

"@grpc/proto-loader@npm:^0.6.0":
  version: 0.6.13
  resolution: "@grpc/proto-loader@npm:0.6.13"
  dependencies:
    "@types/long": "npm:^4.0.1"
    lodash.camelcase: "npm:^4.3.0"
    long: "npm:^4.0.0"
    protobufjs: "npm:^6.11.3"
    yargs: "npm:^16.2.0"
  bin:
    proto-loader-gen-types: build/bin/proto-loader-gen-types.js
  checksum: 8c7d25ddff9587ad8963b7823fc57c253e83e76a4f4f663afb5c90a49f7d58512e8f6f65c0551577545025da1e92172913d61815dfa87eaf2de492d1bfe0e1d1
  languageName: node
  linkType: hard

"@grpc/proto-loader@npm:^0.8.0":
  version: 0.8.0
  resolution: "@grpc/proto-loader@npm:0.8.0"
  dependencies:
    lodash.camelcase: "npm:^4.3.0"
    long: "npm:^5.0.0"
    protobufjs: "npm:^7.5.3"
    yargs: "npm:^17.7.2"
  bin:
    proto-loader-gen-types: build/bin/proto-loader-gen-types.js
  checksum: a27da3b85d5d17bab956d536786c717287eae46ca264ea9ec774db90ff571955bae2705809f431b4622fbf3be9951d7c7bbb1360b2015ee88abe1587cf3d6fe0
  languageName: node
  linkType: hard

"@js-sdsl/ordered-map@npm:^4.4.2":
  version: 4.4.2
  resolution: "@js-sdsl/ordered-map@npm:4.4.2"
  checksum: cc7e15dc4acf6d9ef663757279600bab70533d847dcc1ab01332e9e680bd30b77cdf9ad885cc774276f51d98b05a013571c940e5b360985af5eb798dc1a2ee2b
  languageName: node
  linkType: hard

"@pinojs/redact@npm:^0.4.0":
  version: 0.4.0
  resolution: "@pinojs/redact@npm:0.4.0"
  checksum: 4b311ba17ee0cf154ff9c39eb063ec04cd0d0017cb3750efcdf06c2d485df3e1095e13e872175993568c5568c23e4508dd877c981bbc9c5ae5e384d569efcdff
  languageName: node
  linkType: hard

"@protobufjs/aspromise@npm:^1.1.1, @protobufjs/aspromise@npm:^1.1.2":
  version: 1.1.2
  resolution: "@protobufjs/aspromise@npm:1.1.2"
  checksum: a83343a468ff5b5ec6bff36fd788a64c839e48a07ff9f4f813564f58caf44d011cd6504ed2147bf34835bd7a7dd2107052af755961c6b098fd8902b4f6500d0f
  languageName: node
  linkType: hard

"@protobufjs/base64@npm:^1.1.2":
  version: 1.1.2
  resolution: "@protobufjs/base64@npm:1.1.2"
  checksum: eec925e681081af190b8ee231f9bad3101e189abbc182ff279da6b531e7dbd2a56f1f306f37a80b1be9e00aa2d271690d08dcc5f326f71c9eed8546675c8caf6
  languageName: node
  linkType: hard

"@protobufjs/codegen@npm:^2.0.4":
  version: 2.0.4
  resolution: "@protobufjs/codegen@npm:2.0.4"
  checksum: 26ae337c5659e41f091606d16465bbcc1df1f37cc1ed462438b1f67be0c1e28dfb2ca9f294f39100c52161aef82edf758c95d6d75650a1ddf31f7ddee1440b43
  languageName: node
  linkType: hard

"@protobufjs/eventemitter@npm:^1.1.0":
  version: 1.1.0
  resolution: "@protobufjs/eventemitter@npm:1.1.0"
  checksum: 1eb0a75180e5206d1033e4138212a8c7089a3d418c6dfa5a6ce42e593a4ae2e5892c4ef7421f38092badba4040ea6a45f0928869989411001d8c1018ea9a6e70
  languageName: node
  linkType: hard

"@protobufjs/fetch@npm:^1.1.0":
  version: 1.1.0
  resolution: "@protobufjs/fetch@npm:1.1.0"
  dependencies:
    "@protobufjs/aspromise": "npm:^1.1.1"
    "@protobufjs/inquire": "npm:^1.1.0"
  checksum: cda6a3dc2d50a182c5865b160f72077aac197046600091dbb005dd0a66db9cce3c5eaed6d470ac8ed49d7bcbeef6ee5f0bc288db5ff9a70cbd003e5909065233
  languageName: node
  linkType: hard

"@protobufjs/float@npm:^1.0.2":
  version: 1.0.2
  resolution: "@protobufjs/float@npm:1.0.2"
  checksum: 18f2bdede76ffcf0170708af15c9c9db6259b771e6b84c51b06df34a9c339dbbeec267d14ce0bddd20acc142b1d980d983d31434398df7f98eb0c94a0eb79069
  languageName: node
  linkType: hard

"@protobufjs/inquire@npm:^1.1.0":
  version: 1.1.0
  resolution: "@protobufjs/inquire@npm:1.1.0"
  checksum: 64372482efcba1fb4d166a2664a6395fa978b557803857c9c03500e0ac1013eb4b1aacc9ed851dd5fc22f81583670b4f4431bae186f3373fedcfde863ef5921a
  languageName: node
  linkType: hard

"@protobufjs/path@npm:^1.1.2":
  version: 1.1.2
  resolution: "@protobufjs/path@npm:1.1.2"
  checksum: cece0a938e7f5dfd2fa03f8c14f2f1cf8b0d6e13ac7326ff4c96ea311effd5fb7ae0bba754fbf505312af2e38500250c90e68506b97c02360a43793d88a0d8b4
  languageName: node
  linkType: hard

"@protobufjs/pool@npm:^1.1.0":
  version: 1.1.0
  resolution: "@protobufjs/pool@npm:1.1.0"
  checksum: eda2718b7f222ac6e6ad36f758a92ef90d26526026a19f4f17f668f45e0306a5bd734def3f48f51f8134ae0978b6262a5c517c08b115a551756d1a3aadfcf038
  languageName: node
  linkType: hard

"@protobufjs/utf8@npm:^1.1.0":
  version: 1.1.0
  resolution: "@protobufjs/utf8@npm:1.1.0"
  checksum: a3fe31fe3fa29aa3349e2e04ee13dc170cc6af7c23d92ad49e3eeaf79b9766264544d3da824dba93b7855bd6a2982fb40032ef40693da98a136d835752beb487
  languageName: node
  linkType: hard

"@types/long@npm:^4.0.1":
  version: 4.0.2
  resolution: "@types/long@npm:4.0.2"
  checksum: 42ec66ade1f72ff9d143c5a519a65efc7c1c77be7b1ac5455c530ae9acd87baba065542f8847522af2e3ace2cc999f3ad464ef86e6b7352eece34daf88f8c924
  languageName: node
  linkType: hard

"@types/node@npm:>=13.7.0":
  version: 25.2.3
  resolution: "@types/node@npm:25.2.3"
  dependencies:
    undici-types: "npm:~7.16.0"
  checksum: 925833029ce0bb4a72c36f90b93287184d3511aeb0fa60a994ae94b5430c22f9be6693d67d210df79267cb54c6f6978caaefb149d99ab5f83af5827ba7cb9822
  languageName: node
  linkType: hard

"abstract-logging@npm:^2.0.1":
  version: 2.0.1
  resolution: "abstract-logging@npm:2.0.1"
  checksum: 304879d9babcf6772260e5ddde632e6428e1f42f7a7a116d4689e97ad813a20e0ec2dd1e0a122f3617557f40091b9ca85735de4b48c17a2041268cb47b3f8ef1
  languageName: node
  linkType: hard

"ajv-formats@npm:^2.1.1":
  version: 2.1.1
  resolution: "ajv-formats@npm:2.1.1"
  dependencies:
    ajv: "npm:^8.0.0"
  peerDependencies:
    ajv: ^8.0.0
  peerDependenciesMeta:
    ajv:
      optional: true
  checksum: e43ba22e91b6a48d96224b83d260d3a3a561b42d391f8d3c6d2c1559f9aa5b253bfb306bc94bbeca1d967c014e15a6efe9a207309e95b3eaae07fcbcdc2af662
  languageName: node
  linkType: hard

"ajv-formats@npm:^3.0.1":
  version: 3.0.1
  resolution: "ajv-formats@npm:3.0.1"
  dependencies:
    ajv: "npm:^8.0.0"
  peerDependencies:
    ajv: ^8.0.0
  peerDependenciesMeta:
    ajv:
      optional: true
  checksum: 168d6bca1ea9f163b41c8147bae537e67bd963357a5488a1eaf3abe8baa8eec806d4e45f15b10767e6020679315c7e1e5e6803088dfb84efa2b4e9353b83dd0a
  languageName: node
  linkType: hard

"ajv@npm:^8.0.0, ajv@npm:^8.10.0, ajv@npm:^8.11.0":
  version: 8.17.1
  resolution: "ajv@npm:8.17.1"
  dependencies:
    fast-deep-equal: "npm:^3.1.3"
    fast-uri: "npm:^3.0.1"
    json-schema-traverse: "npm:^1.0.0"
    require-from-string: "npm:^2.0.2"
  checksum: ec3ba10a573c6b60f94639ffc53526275917a2df6810e4ab5a6b959d87459f9ef3f00d5e7865b82677cb7d21590355b34da14d1d0b9c32d75f95a187e76fff35
  languageName: node
  linkType: hard

"ansi-regex@npm:^5.0.1":
  version: 5.0.1
  resolution: "ansi-regex@npm:5.0.1"
  checksum: 9a64bb8627b434ba9327b60c027742e5d17ac69277960d041898596271d992d4d52ba7267a63ca10232e29f6107fc8a835f6ce8d719b88c5f8493f8254813737
  languageName: node
  linkType: hard

"ansi-styles@npm:^4.0.0":
  version: 4.3.0
  resolution: "ansi-styles@npm:4.3.0"
  dependencies:
    color-convert: "npm:^2.0.1"
  checksum: 895a23929da416f2bd3de7e9cb4eabd340949328ab85ddd6e484a637d8f6820d485f53933446f5291c3b760cbc488beb8e88573dd0f9c7daf83dccc8fe81b041
  languageName: node
  linkType: hard

"atomic-sleep@npm:^1.0.0":
  version: 1.0.0
  resolution: "atomic-sleep@npm:1.0.0"
  checksum: e329a6665512736a9bbb073e1761b4ec102f7926cce35037753146a9db9c8104f5044c1662e4a863576ce544fb8be27cd2be6bc8c1a40147d03f31eb1cfb6e8a
  languageName: node
  linkType: hard

"avvio@npm:^8.3.0":
  version: 8.4.0
  resolution: "avvio@npm:8.4.0"
  dependencies:
    "@fastify/error": "npm:^3.3.0"
    fastq: "npm:^1.17.1"
  checksum: bea7f28e38b57755786852226f380ea087d572f8bbcfe14b59d1239551ef89cecc40229a6ac85e17af44c81a481d03280576586385e93d76bb9f2c5bc75c6067
  languageName: node
  linkType: hard

"cache@workspace:.":
  version: 0.0.0-use.local
  resolution: "cache@workspace:."
  dependencies:
    debug: "npm:^4.3.4"
    dotenv: "npm:^8.6.0"
    dotenv-defaults: "npm:^2.0.2"
    fastify: "npm:^4.25.2"
    firebase: "npm:^8.10.1"
    lru-cache: "npm:^5.1.1"
  languageName: unknown
  linkType: soft

"cliui@npm:^7.0.2":
  version: 7.0.4
  resolution: "cliui@npm:7.0.4"
  dependencies:
    string-width: "npm:^4.2.0"
    strip-ansi: "npm:^6.0.0"
    wrap-ansi: "npm:^7.0.0"
  checksum: 6035f5daf7383470cef82b3d3db00bec70afb3423538c50394386ffbbab135e26c3689c41791f911fa71b62d13d3863c712fdd70f0fbdffd938a1e6fd09aac00
  languageName: node
  linkType: hard

"cliui@npm:^8.0.1":
  version: 8.0.1
  resolution: "cliui@npm:8.0.1"
  dependencies:
    string-width: "npm:^4.2.0"
    strip-ansi: "npm:^6.0.1"
    wrap-ansi: "npm:^7.0.0"
  checksum: 4bda0f09c340cbb6dfdc1ed508b3ca080f12992c18d68c6be4d9cf51756033d5266e61ec57529e610dacbf4da1c634423b0c1b11037709cc6b09045cbd815df5
  languageName: node
  linkType: hard

"color-convert@npm:^2.0.1":
  version: 2.0.1
  resolution: "color-convert@npm:2.0.1"
  dependencies:
    color-name: "npm:~1.1.4"
  checksum: 37e1150172f2e311fe1b2df62c6293a342ee7380da7b9cfdba67ea539909afbd74da27033208d01d6d5cfc65ee7868a22e18d7e7648e004425441c0f8a15a7d7
  languageName: node
  linkType: hard

"color-name@npm:~1.1.4":
  version: 1.1.4
  resolution: "color-name@npm:1.1.4"
  checksum: a1a3f914156960902f46f7f56bc62effc6c94e84b2cae157a526b1c1f74b677a47ec602bf68a61abfa2b42d15b7c5651c6dbe72a43af720bc588dff885b10f95
  languageName: node
  linkType: hard

"cookie@npm:^0.7.0":
  version: 0.7.2
  resolution: "cookie@npm:0.7.2"
  checksum: 9596e8ccdbf1a3a88ae02cf5ee80c1c50959423e1022e4e60b91dd87c622af1da309253d8abdb258fb5e3eacb4f08e579dc58b4897b8087574eee0fd35dfa5d2
  languageName: node
  linkType: hard

"core-js@npm:3.6.5":
  version: 3.6.5
  resolution: "core-js@npm:3.6.5"
  checksum: ab5f869adda3d4dfa8e8753f5b6e6990196f585e701c5fdb2bfd780bdc57235ceefdcd156f557faf9c2d3ed6010383870d3082318f8eda3218b1908413477a04
  languageName: node
  linkType: hard

"debug@npm:^4.3.4":
  version: 4.4.3
  resolution: "debug@npm:4.4.3"
  dependencies:
    ms: "npm:^2.1.3"
  peerDependenciesMeta:
    supports-color:
      optional: true
  checksum: d79136ec6c83ecbefd0f6a5593da6a9c91ec4d7ddc4b54c883d6e71ec9accb5f67a1a5e96d00a328196b5b5c86d365e98d8a3a70856aaf16b4e7b1985e67f5a6
  languageName: node
  linkType: hard

"dom-storage@npm:2.1.0":
  version: 2.1.0
  resolution: "dom-storage@npm:2.1.0"
  checksum: d1e23111485933a29ed46db29ce3e8dd5d5179e489719f75e3c36e082a0845d6b0511a32b9bfdfc2f425c52c2f7085d0891cc4e943374436fc70bc103495035b
  languageName: node
  linkType: hard

"dotenv-defaults@npm:^2.0.2":
  version: 2.0.2
  resolution: "dotenv-defaults@npm:2.0.2"
  dependencies:
    dotenv: "npm:^8.2.0"
  checksum: 14b7b8f6c21a30404106384398728746e63405bfeabe47ef7aadd0e81de49986d5896a612e5b1acddf655af6472a24947b7b113aa3ef3270a2877afa9c5bd287
  languageName: node
  linkType: hard

"dotenv@npm:^8.2.0, dotenv@npm:^8.6.0":
  version: 8.6.0
  resolution: "dotenv@npm:8.6.0"
  checksum: 6750431dea8efbd54b9f2d9681b04e1ccc7989486461dcf058bb708d9e3d63b04115fcdf8840e38ad1e24a4a2e1e7c1560626c5e3ac7bc09371b127c49e2d45f
  languageName: node
  linkType: hard

"emoji-regex@npm:^8.0.0":
  version: 8.0.0
  resolution: "emoji-regex@npm:8.0.0"
  checksum: b6053ad39951c4cf338f9092d7bfba448cdfd46fe6a2a034700b149ac9ffbc137e361cbd3c442297f86bed2e5f7576c1b54cc0a6bf8ef5106cc62f496af35010
  languageName: node
  linkType: hard

"escalade@npm:^3.1.1":
  version: 3.2.0
  resolution: "escalade@npm:3.2.0"
  checksum: ced4dd3a78e15897ed3be74e635110bbf3b08877b0a41be50dcb325ee0e0b5f65fc2d50e9845194d7c4633f327e2e1c6cce00a71b617c5673df0374201d67f65
  languageName: node
  linkType: hard

"fast-content-type-parse@npm:^1.1.0":
  version: 1.1.0
  resolution: "fast-content-type-parse@npm:1.1.0"
  checksum: 882bf990fa5d64be1825ce183818db43900ece0d7ef184cb9409bae8ed1001acbe536a657b1496382cb3e308e71ab39cc399bbdae70cba1745eecaeca4e55384
  languageName: node
  linkType: hard

"fast-decode-uri-component@npm:^1.0.1":
  version: 1.0.1
  resolution: "fast-decode-uri-component@npm:1.0.1"
  checksum: 039d50c2e99d64f999c3f2126c23fbf75a04a4117e218a149ca0b1d2aeb8c834b7b19d643b9d35d4eabce357189a6a94085f78cf48869e6e26cc59b036284bc3
  languageName: node
  linkType: hard

"fast-deep-equal@npm:^3.1.3":
  version: 3.1.3
  resolution: "fast-deep-equal@npm:3.1.3"
  checksum: 40dedc862eb8992c54579c66d914635afbec43350afbbe991235fdcb4e3a8d5af1b23ae7e79bef7d4882d0ecee06c3197488026998fb19f72dc95acff1d1b1d0
  languageName: node
  linkType: hard

"fast-json-stringify@npm:^5.7.0, fast-json-stringify@npm:^5.8.0":
  version: 5.16.1
  resolution: "fast-json-stringify@npm:5.16.1"
  dependencies:
    "@fastify/merge-json-schemas": "npm:^0.1.0"
    ajv: "npm:^8.10.0"
    ajv-formats: "npm:^3.0.1"
    fast-deep-equal: "npm:^3.1.3"
    fast-uri: "npm:^2.1.0"
    json-schema-ref-resolver: "npm:^1.0.1"
    rfdc: "npm:^1.2.0"
  checksum: bbf955d9912fb827dff0e097fdbff3c11aec540ea8019a19593a16224cac70d49d0cebd98e412843fc72259184f73a78a45e63040d3c44349f4735a492f2f1a4
  languageName: node
  linkType: hard

"fast-querystring@npm:^1.0.0":
  version: 1.1.2
  resolution: "fast-querystring@npm:1.1.2"
  dependencies:
    fast-decode-uri-component: "npm:^1.0.1"
  checksum: e8223273a9b199722f760f5a047a77ad049a14bd444b821502cb8218f5925e3a5fffb56b64389bca73ab2ac6f1aa7aebbe4e203e5f6e53ff5978de97c0fde4e3
  languageName: node
  linkType: hard

"fast-uri@npm:^2.0.0, fast-uri@npm:^2.1.0":
  version: 2.4.0
  resolution: "fast-uri@npm:2.4.0"
  checksum: 300453cfe2f7d5ec16be0f2c8dc5b280edbaca59440b2deb4ab56ac0f584637179e9ee7539d0b70ef0fce9608245ebfa75307c84fa4829b1065c3b7ef7dcf706
  languageName: node
  linkType: hard

"fast-uri@npm:^3.0.1":
  version: 3.1.0
  resolution: "fast-uri@npm:3.1.0"
  checksum: 44364adca566f70f40d1e9b772c923138d47efeac2ae9732a872baafd77061f26b097ba2f68f0892885ad177becd065520412b8ffeec34b16c99433c5b9e2de7
  languageName: node
  linkType: hard

"fastify@npm:^4.25.2":
  version: 4.29.1
  resolution: "fastify@npm:4.29.1"
  dependencies:
    "@fastify/ajv-compiler": "npm:^3.5.0"
    "@fastify/error": "npm:^3.4.0"
    "@fastify/fast-json-stringify-compiler": "npm:^4.3.0"
    abstract-logging: "npm:^2.0.1"
    avvio: "npm:^8.3.0"
    fast-content-type-parse: "npm:^1.1.0"
    fast-json-stringify: "npm:^5.8.0"
    find-my-way: "npm:^8.0.0"
    light-my-request: "npm:^5.11.0"
    pino: "npm:^9.0.0"
    process-warning: "npm:^3.0.0"
    proxy-addr: "npm:^2.0.7"
    rfdc: "npm:^1.3.0"
    secure-json-parse: "npm:^2.7.0"
    semver: "npm:^7.5.4"
    toad-cache: "npm:^3.3.0"
  checksum: 65bbc290313f69284f2b477c6a22d9b57c373c097dceb971e660dbace4cda5b17cd8c6ab2d6a4440fd6e0418e6826ea00f5d587652454241008f92c838b3e292
  languageName: node
  linkType: hard

"fastq@npm:^1.17.1":
  version: 1.20.1
  resolution: "fastq@npm:1.20.1"
  dependencies:
    reusify: "npm:^1.0.4"
  checksum: e5dd725884decb1f11e5c822221d76136f239d0236f176fab80b7b8f9e7619ae57e6b4e5b73defc21e6b9ef99437ee7b545cff8e6c2c337819633712fa9d352e
  languageName: node
  linkType: hard

"faye-websocket@npm:0.11.3":
  version: 0.11.3
  resolution: "faye-websocket@npm:0.11.3"
  dependencies:
    websocket-driver: "npm:>=0.5.1"
  checksum: ef4b6d45f33f83e02eb2bd1c406258f179c07e39ef9863a637b89781ee621708b71980e4252d0e176395919fc65fcb71f9f2ebe3b22d2cdde60738e91846365b
  languageName: node
  linkType: hard

"find-my-way@npm:^8.0.0":
  version: 8.2.2
  resolution: "find-my-way@npm:8.2.2"
  dependencies:
    fast-deep-equal: "npm:^3.1.3"
    fast-querystring: "npm:^1.0.0"
    safe-regex2: "npm:^3.1.0"
  checksum: ce462b2033e08a82fa79b837e4ef9e637d5f3e6763564631ad835b4e50b22e2123c0bf27c4fe6b02bc4006cd7949c0351d2b6b6f32248e839b10bdcbd3a3269f
  languageName: node
  linkType: hard

"firebase@npm:^8.10.1":
  version: 8.10.1
  resolution: "firebase@npm:8.10.1"
  dependencies:
    "@firebase/analytics": "npm:0.6.18"
    "@firebase/app": "npm:0.6.30"
    "@firebase/app-check": "npm:0.3.2"
    "@firebase/app-types": "npm:0.6.3"
    "@firebase/auth": "npm:0.16.8"
    "@firebase/database": "npm:0.11.0"
    "@firebase/firestore": "npm:2.4.1"
    "@firebase/functions": "npm:0.6.16"
    "@firebase/installations": "npm:0.4.32"
    "@firebase/messaging": "npm:0.8.0"
    "@firebase/performance": "npm:0.4.18"
    "@firebase/polyfill": "npm:0.3.36"
    "@firebase/remote-config": "npm:0.1.43"
    "@firebase/storage": "npm:0.7.1"
    "@firebase/util": "npm:1.3.0"
  checksum: 45dd3c84b0f190e01446fe92071e4e49a4880d14d64420942b2bc190f0e2441bbc38c0450dea13acceef8c3481a697f7b9f483209b43d5dda463e60ebb822d8a
  languageName: node
  linkType: hard

"forwarded@npm:0.2.0":
  version: 0.2.0
  resolution: "forwarded@npm:0.2.0"
  checksum: 9b67c3fac86acdbc9ae47ba1ddd5f2f81526fa4c8226863ede5600a3f7c7416ef451f6f1e240a3cc32d0fd79fcfe6beb08fd0da454f360032bde70bf80afbb33
  languageName: node
  linkType: hard

"get-caller-file@npm:^2.0.5":
  version: 2.0.5
  resolution: "get-caller-file@npm:2.0.5"
  checksum: c6c7b60271931fa752aeb92f2b47e355eac1af3a2673f47c9589e8f8a41adc74d45551c1bc57b5e66a80609f10ffb72b6f575e4370d61cc3f7f3aaff01757cde
  languageName: node
  linkType: hard

"http-parser-js@npm:>=0.4.0":
  version: 0.5.0
  resolution: "http-parser-js@npm:0.5.0"
  checksum: 8b46d80ebbcdfb4922ccadf3d033943cc7f569e402cb401707788443bfc6bf2761b38eaf3d65d0f0ba366c7775b915df95ea3b1d67ae00222cbdb466e52c92d3
  languageName: node
  linkType: hard

"idb@npm:3.0.2":
  version: 3.0.2
  resolution: "idb@npm:3.0.2"
  checksum: de3acfe8b8aefe4812e07e19c1deec565695586d8d0bae7feb109439a04a09399b413002d1825332aa5142c148bf4fad40db34d578d443431e5a6e0d85530502
  languageName: node
  linkType: hard

"ipaddr.js@npm:1.9.1":
  version: 1.9.1
  resolution: "ipaddr.js@npm:1.9.1"
  checksum: 0486e775047971d3fdb5fb4f063829bac45af299ae0b82dcf3afa2145338e08290563a2a70f34b732d795ecc8311902e541a8530eeb30d75860a78ff4e94ce2a
  languageName: node
  linkType: hard

"is-fullwidth-code-point@npm:^3.0.0":
  version: 3.0.0
  resolution: "is-fullwidth-code-point@npm:3.0.0"
  checksum: bb11d825e049f38e04c06373a8d72782eee0205bda9d908cc550ccb3c59b99d750ff9537982e01733c1c94a58e35400661f57042158ff5e8f3e90cf936daf0fc
  languageName: node
  linkType: hard

"json-schema-ref-resolver@npm:^1.0.1":
  version: 1.0.1
  resolution: "json-schema-ref-resolver@npm:1.0.1"
  dependencies:
    fast-deep-equal: "npm:^3.1.3"
  checksum: aa89d88108c0109ae35b913c89c132fb50c00f3b99fc8a8309b524b9e3a6a77414f19a6a35a1253871462984cbabc74279ebbd9bf103c6629fb7b37c9fb59bcf
  languageName: node
  linkType: hard

"json-schema-traverse@npm:^1.0.0":
  version: 1.0.0
  resolution: "json-schema-traverse@npm:1.0.0"
  checksum: 71e30015d7f3d6dc1c316d6298047c8ef98a06d31ad064919976583eb61e1018a60a0067338f0f79cabc00d84af3fcc489bd48ce8a46ea165d9541ba17fb30c6
  languageName: node
  linkType: hard

"light-my-request@npm:^5.11.0":
  version: 5.14.0
  resolution: "light-my-request@npm:5.14.0"
  dependencies:
    cookie: "npm:^0.7.0"
    process-warning: "npm:^3.0.0"
    set-cookie-parser: "npm:^2.4.1"
  checksum: 5ec3af15010156d2821469d17910e0a3071c3269a8d5ffc3180fd761ffc91649ec1f9b2aaf7b5b6d44825e1038e6c07fdba247b93370186f3af9dbb94e11c0b5
  languageName: node
  linkType: hard

"lodash.camelcase@npm:^4.3.0":
  version: 4.3.0
  resolution: "lodash.camelcase@npm:4.3.0"
  checksum: fcba15d21a458076dd309fce6b1b4bf611d84a0ec252cb92447c948c533ac250b95d2e00955801ebc367e5af5ed288b996d75d37d2035260a937008e14eaf432
  languageName: node
  linkType: hard

"long@npm:^4.0.0":
  version: 4.0.0
  resolution: "long@npm:4.0.0"
  checksum: 50a6417d15b06104dbe4e3d4a667c39b137f130a9108ea8752b352a4cfae047531a3ac351c181792f3f8768fe17cca6b0f406674a541a86fb638aaac560d83ed
  languageName: node
  linkType: hard

"long@npm:^5.0.0":
  version: 5.3.2
  resolution: "long@npm:5.3.2"
  checksum: 7130fe1cbce2dca06734b35b70d380ca3f70271c7f8852c922a7c62c86c4e35f0c39290565eca7133c625908d40e126ac57c02b1b1a4636b9457d77e1e60b981
  languageName: node
  linkType: hard

"lru-cache@npm:^5.1.1":
  version: 5.1.1
  resolution: "lru-cache@npm:5.1.1"
  dependencies:
    yallist: "npm:^3.0.2"
  checksum: 89b2ef2ef45f543011e38737b8a8622a2f8998cddf0e5437174ef8f1f70a8b9d14a918ab3e232cb3ba343b7abddffa667f0b59075b2b80e6b4d63c3de6127482
  languageName: node
  linkType: hard

"ms@npm:^2.1.3":
  version: 2.1.3
  resolution: "ms@npm:2.1.3"
  checksum: d924b57e7312b3b63ad21fc5b3dc0af5e78d61a1fc7cfb5457edaf26326bf62be5307cc87ffb6862ef1c2b33b0233cdb5d4f01c4c958cc0d660948b65a287a48
  languageName: node
  linkType: hard

"node-fetch@npm:2.6.7":
  version: 2.6.7
  resolution: "node-fetch@npm:2.6.7"
  dependencies:
    whatwg-url: "npm:^5.0.0"
  peerDependencies:
    encoding: ^0.1.0
  peerDependenciesMeta:
    encoding:
      optional: true
  checksum: fcae80f5ac52fbf5012f5e19df2bd3915e67d3b3ad51cb5942943df2238d32ba15890fecabd0e166876a9f98a581ab50f3f10eb942b09405c49ef8da36b826c7
  languageName: node
  linkType: hard

"on-exit-leak-free@npm:^2.1.0":
  version: 2.1.2
  resolution: "on-exit-leak-free@npm:2.1.2"
  checksum: faea2e1c9d696ecee919026c32be8d6a633a7ac1240b3b87e944a380e8a11dc9c95c4a1f8fb0568de7ab8db3823e790f12bda45296b1d111e341aad3922a0570
  languageName: node
  linkType: hard

"pino-abstract-transport@npm:^2.0.0":
  version: 2.0.0
  resolution: "pino-abstract-transport@npm:2.0.0"
  dependencies:
    split2: "npm:^4.0.0"
  checksum: 02c05b8f2ffce0d7c774c8e588f61e8b77de8ccb5f8125afd4a7325c9ea0e6af7fb78168999657712ae843e4462bb70ac550dfd6284f930ee57f17f486f25a9f
  languageName: node
  linkType: hard

"pino-std-serializers@npm:^7.0.0":
  version: 7.1.0
  resolution: "pino-std-serializers@npm:7.1.0"
  checksum: d158615aa93ebdeac2d3912ad4227a23ef78cf14229e886214771f581e96eff312257f2d6368c75b2fbf53e5024eda475d81305014f4ed1a6d5eeab9107f6ef0
  languageName: node
  linkType: hard

"pino@npm:^9.0.0":
  version: 9.14.0
  resolution: "pino@npm:9.14.0"
  dependencies:
    "@pinojs/redact": "npm:^0.4.0"
    atomic-sleep: "npm:^1.0.0"
    on-exit-leak-free: "npm:^2.1.0"
    pino-abstract-transport: "npm:^2.0.0"
    pino-std-serializers: "npm:^7.0.0"
    process-warning: "npm:^5.0.0"
    quick-format-unescaped: "npm:^4.0.3"
    real-require: "npm:^0.2.0"
    safe-stable-stringify: "npm:^2.3.1"
    sonic-boom: "npm:^4.0.1"
    thread-stream: "npm:^3.0.0"
  bin:
    pino: bin.js
  checksum: 9a10d9bf820a585eae9bc270fb4e55c895e48280d54adbbb4063ec061694b22d8809c80203cf5fe9f920a54c832b0b8dfb67cb28a04baa13abebaf261a9c9f3e
  languageName: node
  linkType: hard

"process-warning@npm:^3.0.0":
  version: 3.0.0
  resolution: "process-warning@npm:3.0.0"
  checksum: 60f3c8ddee586f0706c1e6cb5aa9c86df05774b9330d792d7c8851cf0031afd759d665404d07037e0b4901b55c44a423f07bdc465c63de07d8d23196bb403622
  languageName: node
  linkType: hard

"process-warning@npm:^5.0.0":
  version: 5.0.0
  resolution: "process-warning@npm:5.0.0"
  checksum: 941f48863d368ec161e0b5890ba0c6af94170078f3d6b5e915c19b36fb59edb0dc2f8e834d25e0d375a8bf368a49d490f080508842168832b93489d17843ec29
  languageName: node
  linkType: hard

"promise-polyfill@npm:8.1.3":
  version: 8.1.3
  resolution: "promise-polyfill@npm:8.1.3"
  checksum: bd6869ded21dc7510df279509f6d81a06096eb3e594fc213245f506d47b258037648475b56970a870f454de170a96ebb9d7293253dbf68e514d7099b67d37850
  languageName: node
  linkType: hard

"protobufjs@npm:^6.11.3":
  version: 6.11.4
  resolution: "protobufjs@npm:6.11.4"
  dependencies:
    "@protobufjs/aspromise": "npm:^1.1.2"
    "@protobufjs/base64": "npm:^1.1.2"
    "@protobufjs/codegen": "npm:^2.0.4"
    "@protobufjs/eventemitter": "npm:^1.1.0"
    "@protobufjs/fetch": "npm:^1.1.0"
    "@protobufjs/float": "npm:^1.0.2"
    "@protobufjs/inquire": "npm:^1.1.0"
    "@protobufjs/path": "npm:^1.1.2"
    "@protobufjs/pool": "npm:^1.1.0"
    "@protobufjs/utf8": "npm:^1.1.0"
    "@types/long": "npm:^4.0.1"
    "@types/node": "npm:>=13.7.0"
    long: "npm:^4.0.0"
  bin:
    pbjs: bin/pbjs
    pbts: bin/pbts
  checksum: c244d7b9b6d3258193da5c0d1e558dfb47f208ae345e209f90ec45c9dca911b90fa17e937892a9a39a4136ab9886981aae9efdf6039f7baff4f7225f5eeb9812
  languageName: node
  linkType: hard

"protobufjs@npm:^7.5.3":
  version: 7.5.4
  resolution: "protobufjs@npm:7.5.4"
  dependencies:
    "@protobufjs/aspromise": "npm:^1.1.2"
    "@protobufjs/base64": "npm:^1.1.2"
    "@protobufjs/codegen": "npm:^2.0.4"
    "@protobufjs/eventemitter": "npm:^1.1.0"
    "@protobufjs/fetch": "npm:^1.1.0"
    "@protobufjs/float": "npm:^1.0.2"
    "@protobufjs/inquire": "npm:^1.1.0"
    "@protobufjs/path": "npm:^1.1.2"
    "@protobufjs/pool": "npm:^1.1.0"
    "@protobufjs/utf8": "npm:^1.1.0"
    "@types/node": "npm:>=13.7.0"
    long: "npm:^5.0.0"
  checksum: 913b676109ffb3c05d3d31e03a684e569be91f3bba8613da4a683d69d9dba948daa2afd7d2e7944d1aa6c417890c35d9d9a8883c1160affafb0f9670d59ef722
  languageName: node
  linkType: hard

"proxy-addr@npm:^2.0.7":
  version: 2.0.7
  resolution: "proxy-addr@npm:2.0.7"
  dependencies:
    forwarded: "npm:0.2.0"
    ipaddr.js: "npm:1.9.1"
  checksum: c3eed999781a35f7fd935f398b6d8920b6fb00bbc14287bc6de78128ccc1a02c89b95b56742bf7cf0362cc333c61d138532049c7dedc7a328ef13343eff81210
  languageName: node
  linkType: hard

"quick-format-unescaped@npm:^4.0.3":
  version: 4.0.4
  resolution: "quick-format-unescaped@npm:4.0.4"
  checksum: fe5acc6f775b172ca5b4373df26f7e4fd347975578199e7d74b2ae4077f0af05baa27d231de1e80e8f72d88275ccc6028568a7a8c9ee5e7368ace0e18eff93a4
  languageName: node
  linkType: hard

"real-require@npm:^0.2.0":
  version: 0.2.0
  resolution: "real-require@npm:0.2.0"
  checksum: 23eea5623642f0477412ef8b91acd3969015a1501ed34992ada0e3af521d3c865bb2fe4cdbfec5fe4b505f6d1ef6a03e5c3652520837a8c3b53decff7e74b6a0
  languageName: node
  linkType: hard

"require-directory@npm:^2.1.1":
  version: 2.1.1
  resolution: "require-directory@npm:2.1.1"
  checksum: 83aa76a7bc1531f68d92c75a2ca2f54f1b01463cb566cf3fbc787d0de8be30c9dbc211d1d46be3497dac5785fe296f2dd11d531945ac29730643357978966e99
  languageName: node
  linkType: hard

"require-from-string@npm:^2.0.2":
  version: 2.0.2
  resolution: "require-from-string@npm:2.0.2"
  checksum: aaa267e0c5b022fc5fd4eef49d8285086b15f2a1c54b28240fdf03599cbd9c26049fee3eab894f2e1f6ca65e513b030a7c264201e3f005601e80c49fb2937ce2
  languageName: node
  linkType: hard

"ret@npm:~0.4.0":
  version: 0.4.3
  resolution: "ret@npm:0.4.3"
  checksum: 93e4e81cf393ebbafa1a26816e0b22ad0e2539c10e267d46ce8754c3f385b7aa839772ee1f83fdd2487b43d1081f29af41a19160e85456311f6f1778e14ba66b
  languageName: node
  linkType: hard

"reusify@npm:^1.0.4":
  version: 1.1.0
  resolution: "reusify@npm:1.1.0"
  checksum: 4eff0d4a5f9383566c7d7ec437b671cc51b25963bd61bf127c3f3d3f68e44a026d99b8d2f1ad344afff8d278a8fe70a8ea092650a716d22287e8bef7126bb2fa
  languageName: node
  linkType: hard

"rfdc@npm:^1.2.0, rfdc@npm:^1.3.0":
  version: 1.4.1
  resolution: "rfdc@npm:1.4.1"
  checksum: 4614e4292356cafade0b6031527eea9bc90f2372a22c012313be1dcc69a3b90c7338158b414539be863fa95bfcb2ddcd0587be696841af4e6679d85e62c060c7
  languageName: node
  linkType: hard

"safe-regex2@npm:^3.1.0":
  version: 3.1.0
  resolution: "safe-regex2@npm:3.1.0"
  dependencies:
    ret: "npm:~0.4.0"
  checksum: 5e5e7f9f116ddfd324b1fdc65ad4470937eebc8883d34669ce8c5afbda64f1954e5e4c2e754ef6281e5f6762e0b8c4e20fb9eec4d47355526f8cc1f6a9764624
  languageName: node
  linkType: hard

"safe-stable-stringify@npm:^2.3.1":
  version: 2.5.0
  resolution: "safe-stable-stringify@npm:2.5.0"
  checksum: baea14971858cadd65df23894a40588ed791769db21bafb7fd7608397dbdce9c5aac60748abae9995e0fc37e15f2061980501e012cd48859740796bea2987f49
  languageName: node
  linkType: hard

"secure-json-parse@npm:^2.7.0":
  version: 2.7.0
  resolution: "secure-json-parse@npm:2.7.0"
  checksum: f57eb6a44a38a3eeaf3548228585d769d788f59007454214fab9ed7f01fbf2e0f1929111da6db28cf0bcc1a2e89db5219a59e83eeaec3a54e413a0197ce879e4
  languageName: node
  linkType: hard

"semver@npm:^7.5.4":
  version: 7.7.4
  resolution: "semver@npm:7.7.4"
  bin:
    semver: bin/semver.js
  checksum: 5215ad0234e2845d4ea5bb9d836d42b03499546ddafb12075566899fc617f68794bb6f146076b6881d755de17d6c6cc73372555879ec7dce2c2feee947866ad2
  languageName: node
  linkType: hard

"set-cookie-parser@npm:^2.4.1":
  version: 2.7.2
  resolution: "set-cookie-parser@npm:2.7.2"
  checksum: 4381a9eb7ee951dfe393fe7aacf76b9a3b4e93a684d2162ab35594fa4053cc82a4d7d7582bf397718012c9adcf839b8cd8f57c6c42901ea9effe33c752da4a45
  languageName: node
  linkType: hard

"sonic-boom@npm:^4.0.1":
  version: 4.2.1
  resolution: "sonic-boom@npm:4.2.1"
  dependencies:
    atomic-sleep: "npm:^1.0.0"
  checksum: f374e9c3dfe194d706d8ef8aed4e28bc10638f9952fd19bcbddf2cef05d53334ad9e9dca3e01e24e88dd88fb278c6b8c5b2ae5002494b289c4914aaea3d9eae9
  languageName: node
  linkType: hard

"split2@npm:^4.0.0":
  version: 4.2.0
  resolution: "split2@npm:4.2.0"
  checksum: b292beb8ce9215f8c642bb68be6249c5a4c7f332fc8ecadae7be5cbdf1ea95addc95f0459ef2e7ad9d45fd1064698a097e4eb211c83e772b49bc0ee423e91534
  languageName: node
  linkType: hard

"string-width@npm:^4.1.0, string-width@npm:^4.2.0, string-width@npm:^4.2.3":
  version: 4.2.3
  resolution: "string-width@npm:4.2.3"
  dependencies:
    emoji-regex: "npm:^8.0.0"
    is-fullwidth-code-point: "npm:^3.0.0"
    strip-ansi: "npm:^6.0.1"
  checksum: 1e525e92e5eae0afd7454086eed9c818ee84374bb80328fc41217ae72ff5f065ef1c9d7f72da41de40c75fa8bb3dee63d92373fd492c84260a552c636392a47b
  languageName: node
  linkType: hard

"strip-ansi@npm:^6.0.0, strip-ansi@npm:^6.0.1":
  version: 6.0.1
  resolution: "strip-ansi@npm:6.0.1"
  dependencies:
    ansi-regex: "npm:^5.0.1"
  checksum: 1ae5f212a126fe5b167707f716942490e3933085a5ff6c008ab97ab2f272c8025d3aa218b7bd6ab25729ca20cc81cddb252102f8751e13482a5199e873680952
  languageName: node
  linkType: hard

"thread-stream@npm:^3.0.0":
  version: 3.1.0
  resolution: "thread-stream@npm:3.1.0"
  dependencies:
    real-require: "npm:^0.2.0"
  checksum: c36118379940b77a6ef3e6f4d5dd31e97b8210c3f7b9a54eb8fe6358ab173f6d0acfaf69b9c3db024b948c0c5fd2a7df93e2e49151af02076b35ada3205ec9a6
  languageName: node
  linkType: hard

"toad-cache@npm:^3.3.0":
  version: 3.7.0
  resolution: "toad-cache@npm:3.7.0"
  checksum: 7dae2782ee20b22c9798bb8b71dec7ec6a0091021d2ea9dd6e8afccab6b65b358fdba49a02209fac574499702e2c000660721516c87c2538d1b2c0ba03e8c0c3
  languageName: node
  linkType: hard

"tr46@npm:~0.0.3":
  version: 0.0.3
  resolution: "tr46@npm:0.0.3"
  checksum: 047cb209a6b60c742f05c9d3ace8fa510bff609995c129a37ace03476a9b12db4dbf975e74600830ef0796e18882b2381fb5fb1f6b4f96b832c374de3ab91a11
  languageName: node
  linkType: hard

"tslib@npm:^2.1.0":
  version: 2.8.1
  resolution: "tslib@npm:2.8.1"
  checksum: 9c4759110a19c53f992d9aae23aac5ced636e99887b51b9e61def52611732872ff7668757d4e4c61f19691e36f4da981cd9485e869b4a7408d689f6bf1f14e62
  languageName: node
  linkType: hard

"undici-types@npm:~7.16.0":
  version: 7.16.0
  resolution: "undici-types@npm:7.16.0"
  checksum: 3033e2f2b5c9f1504bdc5934646cb54e37ecaca0f9249c983f7b1fc2e87c6d18399ebb05dc7fd5419e02b2e915f734d872a65da2e3eeed1813951c427d33cc9a
  languageName: node
  linkType: hard

"webidl-conversions@npm:^3.0.0":
  version: 3.0.1
  resolution: "webidl-conversions@npm:3.0.1"
  checksum: 5612d5f3e54760a797052eb4927f0ddc01383550f542ccd33d5238cfd65aeed392a45ad38364970d0a0f4fea32e1f4d231b3d8dac4a3bdd385e5cf802ae097db
  languageName: node
  linkType: hard

"websocket-driver@npm:>=0.5.1":
  version: 0.7.0
  resolution: "websocket-driver@npm:0.7.0"
  dependencies:
    http-parser-js: "npm:>=0.4.0"
    websocket-extensions: "npm:>=0.1.1"
  checksum: f3f0c9dc06193bdca7609a84117f4a096c937ac22d408300d4ef39235b8db623615b1eaae3f7d2bb8c7a062b99b61a405f4953cc5b1ccfb997e8c3f8168f87fb
  languageName: node
  linkType: hard

"websocket-extensions@npm:>=0.1.1":
  version: 0.1.3
  resolution: "websocket-extensions@npm:0.1.3"
  checksum: 302b51b33b7a1256a7384e837d4e01d3e1efe640e90213b0fe1e87df7f3d288aebf19d968d77b4572e444f96df522ddbe7a2e1c5d11c068a55ae4733ca9e4201
  languageName: node
  linkType: hard

"whatwg-fetch@npm:2.0.4":
  version: 2.0.4
  resolution: "whatwg-fetch@npm:2.0.4"
  checksum: bf2bc1617218c63f2be86edefb95ac5e7f967ae402e468ed550729436369725c3b03a5d1110f62ea789b6f7f399969b1ef720b0bb04e8947fdf94eab7ffac829
  languageName: node
  linkType: hard

"whatwg-url@npm:^5.0.0":
  version: 5.0.0
  resolution: "whatwg-url@npm:5.0.0"
  dependencies:
    tr46: "npm:~0.0.3"
    webidl-conversions: "npm:^3.0.0"
  checksum: 1588bed84d10b72d5eec1d0faa0722ba1962f1821e7539c535558fb5398d223b0c50d8acab950b8c488b4ba69043fd833cc2697056b167d8ad46fac3995a55d5
  languageName: node
  linkType: hard

"wrap-ansi@npm:^7.0.0":
  version: 7.0.0
  resolution: "wrap-ansi@npm:7.0.0"
  dependencies:
    ansi-styles: "npm:^4.0.0"
    string-width: "npm:^4.1.0"
    strip-ansi: "npm:^6.0.0"
  checksum: d15fc12c11e4cbc4044a552129ebc75ee3f57aa9c1958373a4db0292d72282f54373b536103987a4a7594db1ef6a4f10acf92978f79b98c49306a4b58c77d4da
  languageName: node
  linkType: hard

"xmlhttprequest@npm:1.8.0":
  version: 1.8.0
  resolution: "xmlhttprequest@npm:1.8.0"
  checksum: c890661562e4cb6c36a126071e956047164296f58b0058ab28a9c9f1c3b46a65bf421a242d3449363a2aadc3d9769146160b10a501710d476a17d77d41a5c99e
  languageName: node
  linkType: hard

"y18n@npm:^5.0.5":
  version: 5.0.8
  resolution: "y18n@npm:5.0.8"
  checksum: 4df2842c36e468590c3691c894bc9cdbac41f520566e76e24f59401ba7d8b4811eb1e34524d57e54bc6d864bcb66baab7ffd9ca42bf1eda596618f9162b91249
  languageName: node
  linkType: hard

"yallist@npm:^3.0.2":
  version: 3.0.3
  resolution: "yallist@npm:3.0.3"
  checksum: c5172bffcfc7fedab0b138f2a14f2dfed5f8c4e35dd8b31f4b8e2f0c15acbcf6ee3a7421713c8eccb86bac30270d0ddfbd48e7298fc0b4e2584ceb6382312281
  languageName: node
  linkType: hard

"yargs-parser@npm:^20.2.2":
  version: 20.2.9
  resolution: "yargs-parser@npm:20.2.9"
  checksum: 0685a8e58bbfb57fab6aefe03c6da904a59769bd803a722bb098bd5b0f29d274a1357762c7258fb487512811b8063fb5d2824a3415a0a4540598335b3b086c72
  languageName: node
  linkType: hard

"yargs-parser@npm:^21.1.1":
  version: 21.1.1
  resolution: "yargs-parser@npm:21.1.1"
  checksum: f84b5e48169479d2f402239c59f084cfd1c3acc197a05c59b98bab067452e6b3ea46d4dd8ba2985ba7b3d32a343d77df0debd6b343e5dae3da2aab2cdf5886b2
  languageName: node
  linkType: hard

"yargs@npm:^16.2.0":
  version: 16.2.0
  resolution: "yargs@npm:16.2.0"
  dependencies:
    cliui: "npm:^7.0.2"
    escalade: "npm:^3.1.1"
    get-caller-file: "npm:^2.0.5"
    require-directory: "npm:^2.1.1"
    string-width: "npm:^4.2.0"
    y18n: "npm:^5.0.5"
    yargs-parser: "npm:^20.2.2"
  checksum: b1dbfefa679848442454b60053a6c95d62f2d2e21dd28def92b647587f415969173c6e99a0f3bab4f1b67ee8283bf735ebe3544013f09491186ba9e8a9a2b651
  languageName: node
  linkType: hard

"yargs@npm:^17.7.2":
  version: 17.7.2
  resolution: "yargs@npm:17.7.2"
  dependencies:
    cliui: "npm:^8.0.1"
    escalade: "npm:^3.1.1"
    get-caller-file: "npm:^2.0.5"
    require-directory: "npm:^2.1.1"
    string-width: "npm:^4.2.3"
    y18n: "npm:^5.0.5"
    yargs-parser: "npm:^21.1.1"
  checksum: ccd7e723e61ad5965fffbb791366db689572b80cca80e0f96aad968dfff4156cd7cd1ad18607afe1046d8241e6fb2d6c08bf7fa7bfb5eaec818735d8feac8f05
  languageName: node
  linkType: hard
